<<<<<<< HEAD
﻿
Microsoft Visual Studio Solution File, Format Version 12.00
# Visual Studio for Mac
Project("{FAE04EC0-301F-11D3-BF4B-00C04F79EFBC}") = "soundgarden", "Assembly-CSharp.csproj", "{178D241D-BF59-B372-59D6-56DB467CF150}"
EndProject
Global
	GlobalSection(SolutionConfigurationPlatforms) = preSolution
		Debug|Any CPU = Debug|Any CPU
		Release|Any CPU = Release|Any CPU
	EndGlobalSection
	GlobalSection(ProjectConfigurationPlatforms) = postSolution
		{178D241D-BF59-B372-59D6-56DB467CF150}.Debug|Any CPU.ActiveCfg = Debug|Any CPU
		{178D241D-BF59-B372-59D6-56DB467CF150}.Debug|Any CPU.Build.0 = Debug|Any CPU
		{178D241D-BF59-B372-59D6-56DB467CF150}.Release|Any CPU.ActiveCfg = Release|Any CPU
		{178D241D-BF59-B372-59D6-56DB467CF150}.Release|Any CPU.Build.0 = Release|Any CPU
	EndGlobalSection
	GlobalSection(SolutionProperties) = preSolution
		HideSolutionNode = FALSE
	EndGlobalSection
EndGlobal
=======
﻿
Microsoft Visual Studio Solution File, Format Version 12.00
# Visual Studio 2017
Project("{FAE04EC0-301F-11D3-BF4B-00C04F79EFBC}") = "soundgarden", "soundgarden.csproj", "{4960FCE8-F65B-A9AB-26BF-0B2D8B7D55E6}"
EndProject
Project("{FAE04EC0-301F-11D3-BF4B-00C04F79EFBC}") = "soundgarden", "soundgarden.csproj", "{4960FCE8-F65B-A9AB-26BF-0B2D8B7D55E6}"
EndProject
Project("{FAE04EC0-301F-11D3-BF4B-00C04F79EFBC}") = "soundgarden.Editor", "soundgarden.Editor.csproj", "{7B5A1F95-FDAE-3E7F-20A8-0DA03DB69B65}"
EndProject
Project("{FAE04EC0-301F-11D3-BF4B-00C04F79EFBC}") = "soundgarden.Editor", "soundgarden.Editor.csproj", "{7B5A1F95-FDAE-3E7F-20A8-0DA03DB69B65}"
EndProject
Project("{FAE04EC0-301F-11D3-BF4B-00C04F79EFBC}") = "soundgarden.Editor", "soundgarden.Editor.csproj", "{7B5A1F95-FDAE-3E7F-20A8-0DA03DB69B65}"
EndProject
Global
	GlobalSection(SolutionConfigurationPlatforms) = preSolution
		Debug|Any CPU = Debug|Any CPU
		Release|Any CPU = Release|Any CPU
	EndGlobalSection
	GlobalSection(ProjectConfigurationPlatforms) = postSolution
		{4960FCE8-F65B-A9AB-26BF-0B2D8B7D55E6}.Debug|Any CPU.ActiveCfg = Debug|Any CPU
		{4960FCE8-F65B-A9AB-26BF-0B2D8B7D55E6}.Debug|Any CPU.Build.0 = Debug|Any CPU
		{4960FCE8-F65B-A9AB-26BF-0B2D8B7D55E6}.Release|Any CPU.ActiveCfg = Release|Any CPU
		{4960FCE8-F65B-A9AB-26BF-0B2D8B7D55E6}.Release|Any CPU.Build.0 = Release|Any CPU
		{4960FCE8-F65B-A9AB-26BF-0B2D8B7D55E6}.Debug|Any CPU.ActiveCfg = Debug|Any CPU
		{4960FCE8-F65B-A9AB-26BF-0B2D8B7D55E6}.Debug|Any CPU.Build.0 = Debug|Any CPU
		{4960FCE8-F65B-A9AB-26BF-0B2D8B7D55E6}.Release|Any CPU.ActiveCfg = Release|Any CPU
		{4960FCE8-F65B-A9AB-26BF-0B2D8B7D55E6}.Release|Any CPU.Build.0 = Release|Any CPU
		{7B5A1F95-FDAE-3E7F-20A8-0DA03DB69B65}.Debug|Any CPU.ActiveCfg = Debug|Any CPU
		{7B5A1F95-FDAE-3E7F-20A8-0DA03DB69B65}.Debug|Any CPU.Build.0 = Debug|Any CPU
		{7B5A1F95-FDAE-3E7F-20A8-0DA03DB69B65}.Release|Any CPU.ActiveCfg = Release|Any CPU
		{7B5A1F95-FDAE-3E7F-20A8-0DA03DB69B65}.Release|Any CPU.Build.0 = Release|Any CPU
		{7B5A1F95-FDAE-3E7F-20A8-0DA03DB69B65}.Debug|Any CPU.ActiveCfg = Debug|Any CPU
		{7B5A1F95-FDAE-3E7F-20A8-0DA03DB69B65}.Debug|Any CPU.Build.0 = Debug|Any CPU
		{7B5A1F95-FDAE-3E7F-20A8-0DA03DB69B65}.Release|Any CPU.ActiveCfg = Release|Any CPU
		{7B5A1F95-FDAE-3E7F-20A8-0DA03DB69B65}.Release|Any CPU.Build.0 = Release|Any CPU
		{7B5A1F95-FDAE-3E7F-20A8-0DA03DB69B65}.Debug|Any CPU.ActiveCfg = Debug|Any CPU
		{7B5A1F95-FDAE-3E7F-20A8-0DA03DB69B65}.Debug|Any CPU.Build.0 = Debug|Any CPU
		{7B5A1F95-FDAE-3E7F-20A8-0DA03DB69B65}.Release|Any CPU.ActiveCfg = Release|Any CPU
		{7B5A1F95-FDAE-3E7F-20A8-0DA03DB69B65}.Release|Any CPU.Build.0 = Release|Any CPU
	EndGlobalSection
	GlobalSection(SolutionProperties) = preSolution
		HideSolutionNode = FALSE
	EndGlobalSection
EndGlobal
>>>>>>> 0c341e4a0ab923c5baff7263f10ae5c48854c26b
